
Microsoft Visual Studio Solution File, Format Version 12.00
# Visual Studio Version 16
VisualStudioVersion = 16.0.30523.141
MinimumVisualStudioVersion = 10.0.40219.1
Project("{8BC9CEB8-8B4A-11D0-8D11-00A0C91BC942}") = "Lab_3.1", "Lab_3.1\Lab_3.1.vcxproj", "{14234A64-B191-4CD2-850F-B10FE6202A21}"
EndProject
Project("{8BC9CEB8-8B4A-11D0-8D11-00A0C91BC942}") = "UnitTest_3.1", "UnitTest_3.1\UnitTest_3.1.vcxproj", "{9FE515B6-A3D9-48AA-89B9-1C61AD8FA7CE}"
EndProject
Global
	GlobalSection(SolutionConfigurationPlatforms) = preSolution
		Debug|x64 = Debug|x64
		Debug|x86 = Debug|x86
		Release|x64 = Release|x64
		Release|x86 = Release|x86
	EndGlobalSection
	GlobalSection(ProjectConfigurationPlatforms) = postSolution
		{14234A64-B191-4CD2-850F-B10FE6202A21}.Debug|x64.ActiveCfg = Debug|x64
		{14234A64-B191-4CD2-850F-B10FE6202A21}.Debug|x64.Build.0 = Debug|x64
		{14234A64-B191-4CD2-850F-B10FE6202A21}.Debug|x86.ActiveCfg = Debug|Win32
		{14234A64-B191-4CD2-850F-B10FE6202A21}.Debug|x86.Build.0 = Debug|Win32
		{14234A64-B191-4CD2-850F-B10FE6202A21}.Release|x64.ActiveCfg = Release|x64
		{14234A64-B191-4CD2-850F-B10FE6202A21}.Release|x64.Build.0 = Release|x64
		{14234A64-B191-4CD2-850F-B10FE6202A21}.Release|x86.ActiveCfg = Release|Win32
		{14234A64-B191-4CD2-850F-B10FE6202A21}.Release|x86.Build.0 = Release|Win32
		{9FE515B6-A3D9-48AA-89B9-1C61AD8FA7CE}.Debug|x64.ActiveCfg = Debug|x64
		{9FE515B6-A3D9-48AA-89B9-1C61AD8FA7CE}.Debug|x64.Build.0 = Debug|x64
		{9FE515B6-A3D9-48AA-89B9-1C61AD8FA7CE}.Debug|x86.ActiveCfg = Debug|Win32
		{9FE515B6-A3D9-48AA-89B9-1C61AD8FA7CE}.Debug|x86.Build.0 = Debug|Win32
		{9FE515B6-A3D9-48AA-89B9-1C61AD8FA7CE}.Release|x64.ActiveCfg = Release|x64
		{9FE515B6-A3D9-48AA-89B9-1C61AD8FA7CE}.Release|x64.Build.0 = Release|x64
		{9FE515B6-A3D9-48AA-89B9-1C61AD8FA7CE}.Release|x86.ActiveCfg = Release|Win32
		{9FE515B6-A3D9-48AA-89B9-1C61AD8FA7CE}.Release|x86.Build.0 = Release|Win32
	EndGlobalSection
	GlobalSection(SolutionProperties) = preSolution
		HideSolutionNode = FALSE
	EndGlobalSection
	GlobalSection(ExtensibilityGlobals) = postSolution
		SolutionGuid = {540F4135-3BFF-4BAA-AB28-F5CDF3A36E77}
	EndGlobalSection
EndGlobal
